
Microsoft Visual Studio Solution File, Format Version 12.00
# Visual Studio Version 16
VisualStudioVersion = 16.0.32228.343
MinimumVisualStudioVersion = 10.0.40219.1
Project("{FAE04EC0-301F-11D3-BF4B-00C04F79EFBC}") = "WindowsFormsAppTest", "WindowsFormsAppTest\WindowsFormsAppTest.csproj", "{875CE84B-051A-4C2A-A068-936773F22A0B}"
EndProject
Global
	GlobalSection(SolutionConfigurationPlatforms) = preSolution
		Debug|Any CPU = Debug|Any CPU
		Release|Any CPU = Release|Any CPU
	EndGlobalSection
	GlobalSection(ProjectConfigurationPlatforms) = postSolution
		{875CE84B-051A-4C2A-A068-936773F22A0B}.Debug|Any CPU.ActiveCfg = Debug|Any CPU
		{875CE84B-051A-4C2A-A068-936773F22A0B}.Debug|Any CPU.Build.0 = Debug|Any CPU
		{875CE84B-051A-4C2A-A068-936773F22A0B}.Release|Any CPU.ActiveCfg = Release|Any CPU
		{875CE84B-051A-4C2A-A068-936773F22A0B}.Release|Any CPU.Build.0 = Release|Any CPU
	EndGlobalSection
	GlobalSection(SolutionProperties) = preSolution
		HideSolutionNode = FALSE
	EndGlobalSection
	GlobalSection(ExtensibilityGlobals) = postSolution
		SolutionGuid = {DEE1614F-5AD9-4E04-8ABA-5A02CE4F4AB1}
	EndGlobalSection
EndGlobal
