
Microsoft Visual Studio Solution File, Format Version 12.00
# Visual Studio Version 17
VisualStudioVersion = 17.1.32328.378
MinimumVisualStudioVersion = 10.0.40219.1
Project("{FAE04EC0-301F-11D3-BF4B-00C04F79EFBC}") = "WindowsFormsAppEmployeeMgnt", "WindowsFormsAppEmployeeMgnt\WindowsFormsAppEmployeeMgnt.csproj", "{613DBAA3-04E0-4F00-A270-8BEC9E6120D4}"
EndProject
Global
	GlobalSection(SolutionConfigurationPlatforms) = preSolution
		Debug|Any CPU = Debug|Any CPU
		Release|Any CPU = Release|Any CPU
	EndGlobalSection
	GlobalSection(ProjectConfigurationPlatforms) = postSolution
		{613DBAA3-04E0-4F00-A270-8BEC9E6120D4}.Debug|Any CPU.ActiveCfg = Debug|Any CPU
		{613DBAA3-04E0-4F00-A270-8BEC9E6120D4}.Debug|Any CPU.Build.0 = Debug|Any CPU
		{613DBAA3-04E0-4F00-A270-8BEC9E6120D4}.Release|Any CPU.ActiveCfg = Release|Any CPU
		{613DBAA3-04E0-4F00-A270-8BEC9E6120D4}.Release|Any CPU.Build.0 = Release|Any CPU
	EndGlobalSection
	GlobalSection(SolutionProperties) = preSolution
		HideSolutionNode = FALSE
	EndGlobalSection
	GlobalSection(ExtensibilityGlobals) = postSolution
		SolutionGuid = {F2BAB1CA-6573-4995-B257-C7D7EA6F773A}
	EndGlobalSection
EndGlobal
