
Microsoft Visual Studio Solution File, Format Version 12.00
# Visual Studio Version 16
VisualStudioVersion = 16.0.32228.343
MinimumVisualStudioVersion = 10.0.40219.1
Project("{FAE04EC0-301F-11D3-BF4B-00C04F79EFBC}") = "WindowsFormsAppNumberToWord", "WindowsFormsAppNumberToWord\WindowsFormsAppNumberToWord.csproj", "{6F544FCD-7BEA-4853-9033-A8A176C67D11}"
EndProject
Global
	GlobalSection(SolutionConfigurationPlatforms) = preSolution
		Debug|Any CPU = Debug|Any CPU
		Release|Any CPU = Release|Any CPU
	EndGlobalSection
	GlobalSection(ProjectConfigurationPlatforms) = postSolution
		{6F544FCD-7BEA-4853-9033-A8A176C67D11}.Debug|Any CPU.ActiveCfg = Debug|Any CPU
		{6F544FCD-7BEA-4853-9033-A8A176C67D11}.Debug|Any CPU.Build.0 = Debug|Any CPU
		{6F544FCD-7BEA-4853-9033-A8A176C67D11}.Release|Any CPU.ActiveCfg = Release|Any CPU
		{6F544FCD-7BEA-4853-9033-A8A176C67D11}.Release|Any CPU.Build.0 = Release|Any CPU
	EndGlobalSection
	GlobalSection(SolutionProperties) = preSolution
		HideSolutionNode = FALSE
	EndGlobalSection
	GlobalSection(ExtensibilityGlobals) = postSolution
		SolutionGuid = {70D13964-C6A6-49E6-BEFC-85AA68E956F8}
	EndGlobalSection
EndGlobal
