
Microsoft Visual Studio Solution File, Format Version 12.00
# Visual Studio Version 16
VisualStudioVersion = 16.0.32228.343
MinimumVisualStudioVersion = 10.0.40219.1
Project("{FAE04EC0-301F-11D3-BF4B-00C04F79EFBC}") = "ConsoleAppLuckyNumberGuess", "ConsoleAppLuckyNumberGuess\ConsoleAppLuckyNumberGuess.csproj", "{75CC4FC7-F61C-4F67-9CA9-B97FA1E83DB9}"
EndProject
Global
	GlobalSection(SolutionConfigurationPlatforms) = preSolution
		Debug|Any CPU = Debug|Any CPU
		Release|Any CPU = Release|Any CPU
	EndGlobalSection
	GlobalSection(ProjectConfigurationPlatforms) = postSolution
		{75CC4FC7-F61C-4F67-9CA9-B97FA1E83DB9}.Debug|Any CPU.ActiveCfg = Debug|Any CPU
		{75CC4FC7-F61C-4F67-9CA9-B97FA1E83DB9}.Debug|Any CPU.Build.0 = Debug|Any CPU
		{75CC4FC7-F61C-4F67-9CA9-B97FA1E83DB9}.Release|Any CPU.ActiveCfg = Release|Any CPU
		{75CC4FC7-F61C-4F67-9CA9-B97FA1E83DB9}.Release|Any CPU.Build.0 = Release|Any CPU
	EndGlobalSection
	GlobalSection(SolutionProperties) = preSolution
		HideSolutionNode = FALSE
	EndGlobalSection
	GlobalSection(ExtensibilityGlobals) = postSolution
		SolutionGuid = {082CC822-0CF8-4057-B04A-CC637463E163}
	EndGlobalSection
EndGlobal
